// !$*UTF8*$!
{
	archiveVersion = 1;
	classes = {
	};
	objectVersion = 46;
	objects = {

/* Begin PBXBuildFile section */
		207001C21676E6060059061B /* Foundation.framework in Frameworks */ = {isa = PBXBuildFile; fileRef = 207001C11676E6060059061B /* Foundation.framework */; };
		207001C51676E6060059061B /* main.m in Sources */ = {isa = PBXBuildFile; fileRef = 207001C41676E6060059061B /* main.m */; };
		207001C91676E6060059061B /* Callbacks.1 in CopyFiles */ = {isa = PBXBuildFile; fileRef = 207001C81676E6060059061B /* Callbacks.1 */; };
		207001D11677102B0059061B /* Logger.m in Sources */ = {isa = PBXBuildFile; fileRef = 207001D01677102B0059061B /* Logger.m */; };
/* End PBXBuildFile section */

/* Begin PBXCopyFilesBuildPhase section */
		207001BB1676E6060059061B /* CopyFiles */ = {
			isa = PBXCopyFilesBuildPhase;
			buildActionMask = 2147483647;
			dstPath = /usr/share/man/man1/;
			dstSubfolderSpec = 0;
			files = (
				207001C91676E6060059061B /* Callbacks.1 in CopyFiles */,
			);
			runOnlyForDeploymentPostprocessing = 1;
		};
/* End PBXCopyFilesBuildPhase section */

/* Begin PBXFileReference section */
		207001BD1676E6060059061B /* Callbacks */ = {isa = PBXFileReference; explicitFileType = "compiled.mach-o.executable"; includeInIndex = 0; path = Callbacks; sourceTree = BUILT_PRODUCTS_DIR; };
		207001C11676E6060059061B /* Foundation.framework */ = {isa = PBXFileReference; lastKnownFileType = wrapper.framework; name = Foundation.framework; path = System/Library/Frameworks/Foundation.framework; sourceTree = SDKROOT; };
		207001C41676E6060059061B /* main.m */ = {isa = PBXFileReference; lastKnownFileType = sourcecode.c.objc; path = main.m; sourceTree = "<group>"; };
		207001C71676E6060059061B /* Callbacks-Prefix.pch */ = {isa = PBXFileReference; lastKnownFileType = sourcecode.c.h; path = "Callbacks-Prefix.pch"; sourceTree = "<group>"; };
		207001C81676E6060059061B /* Callbacks.1 */ = {isa = PBXFileReference; lastKnownFileType = text.man; path = Callbacks.1; sourceTree = "<group>"; };
		207001CF1677102B0059061B /* Logger.h */ = {isa = PBXFileReference; fileEncoding = 4; lastKnownFileType = sourcecode.c.h; path = Logger.h; sourceTree = "<group>"; };
		207001D01677102B0059061B /* Logger.m */ = {isa = PBXFileReference; fileEncoding = 4; lastKnownFileType = sourcecode.c.objc; path = Logger.m; sourceTree = "<group>"; };
/* End PBXFileReference section */

/* Begin PBXFrameworksBuildPhase section */
		207001BA1676E6060059061B /* Frameworks */ = {
			isa = PBXFrameworksBuildPhase;
			buildActionMask = 2147483647;
			files = (
				207001C21676E6060059061B /* Foundation.framework in Frameworks */,
			);
			runOnlyForDeploymentPostprocessing = 0;
		};
/* End PBXFrameworksBuildPhase section */

/* Begin PBXGroup section */
		207001B21676E6060059061B = {
			isa = PBXGroup;
			children = (
				207001C31676E6060059061B /* Callbacks */,
				207001C01676E6060059061B /* Frameworks */,
				207001BE1676E6060059061B /* Products */,
			);
			sourceTree = "<group>";
		};
		207001BE1676E6060059061B /* Products */ = {
			isa = PBXGroup;
			children = (
				207001BD1676E6060059061B /* Callbacks */,
			);
			name = Products;
			sourceTree = "<group>";
		};
		207001C01676E6060059061B /* Frameworks */ = {
			isa = PBXGroup;
			children = (
				207001C11676E6060059061B /* Foundation.framework */,
			);
			name = Frameworks;
			sourceTree = "<group>";
		};
		207001C31676E6060059061B /* Callbacks */ = {
			isa = PBXGroup;
			children = (
				207001C41676E6060059061B /* main.m */,
				207001CF1677102B0059061B /* Logger.h */,
				207001D01677102B0059061B /* Logger.m */,
				207001C81676E6060059061B /* Callbacks.1 */,
				207001C61676E6060059061B /* Supporting Files */,
			);
			path = Callbacks;
			sourceTree = "<group>";
		};
		207001C61676E6060059061B /* Supporting Files */ = {
			isa = PBXGroup;
			children = (
				207001C71676E6060059061B /* Callbacks-Prefix.pch */,
			);
			name = "Supporting Files";
			sourceTree = "<group>";
		};
/* End PBXGroup section */

/* Begin PBXNativeTarget section */
		207001BC1676E6060059061B /* Callbacks */ = {
			isa = PBXNativeTarget;
			buildConfigurationList = 207001CC1676E6060059061B /* Build configuration list for PBXNativeTarget "Callbacks" */;
			buildPhases = (
				207001B91676E6060059061B /* Sources */,
				207001BA1676E6060059061B /* Frameworks */,
				207001BB1676E6060059061B /* CopyFiles */,
			);
			buildRules = (
			);
			dependencies = (
			);
			name = Callbacks;
			productName = Callbacks;
			productReference = 207001BD1676E6060059061B /* Callbacks */;
			productType = "com.apple.product-type.tool";
		};
/* End PBXNativeTarget section */

/* Begin PBXProject section */
		207001B41676E6060059061B /* Project object */ = {
			isa = PBXProject;
			attributes = {
				LastUpgradeCheck = 0450;
				ORGANIZATIONNAME = "Ryan Clark";
			};
			buildConfigurationList = 207001B71676E6060059061B /* Build configuration list for PBXProject "Callbacks" */;
			compatibilityVersion = "Xcode 3.2";
			developmentRegion = English;
			hasScannedForEncodings = 0;
			knownRegions = (
				en,
			);
			mainGroup = 207001B21676E6060059061B;
			productRefGroup = 207001BE1676E6060059061B /* Products */;
			projectDirPath = "";
			projectRoot = "";
			targets = (
				207001BC1676E6060059061B /* Callbacks */,
			);
		};
/* End PBXProject section */

/* Begin PBXSourcesBuildPhase section */
		207001B91676E6060059061B /* Sources */ = {
			isa = PBXSourcesBuildPhase;
			buildActionMask = 2147483647;
			files = (
				207001C51676E6060059061B /* main.m in Sources */,
				207001D11677102B0059061B /* Logger.m in Sources */,
			);
			runOnlyForDeploymentPostprocessing = 0;
		};
/* End PBXSourcesBuildPhase section */

/* Begin XCBuildConfiguration section */
		207001CA1676E6060059061B /* Debug */ = {
			isa = XCBuildConfiguration;
			buildSettings = {
				ALWAYS_SEARCH_USER_PATHS = NO;
				ARCHS = "$(ARCHS_STANDARD_64_BIT)";
				CLANG_CXX_LANGUAGE_STANDARD = "gnu++0x";
				CLANG_CXX_LIBRARY = "libc++";
				CLANG_ENABLE_OBJC_ARC = YES;
				CLANG_WARN_EMPTY_BODY = YES;
				CLANG_WARN__DUPLICATE_METHOD_MATCH = YES;
				COPY_PHASE_STRIP = NO;
				GCC_C_LANGUAGE_STANDARD = gnu99;
				GCC_DYNAMIC_NO_PIC = NO;
				GCC_ENABLE_OBJC_EXCEPTIONS = YES;
				GCC_OPTIMIZATION_LEVEL = 0;
				GCC_PREPROCESSOR_DEFINITIONS = (
					"DEBUG=1",
					"$(inherited)",
				);
				GCC_SYMBOLS_PRIVATE_EXTERN = NO;
				GCC_WARN_64_TO_32_BIT_CONVERSION = YES;
				GCC_WARN_ABOUT_RETURN_TYPE = YES;
				GCC_WARN_UNINITIALIZED_AUTOS = YES;
				GCC_WARN_UNUSED_VARIABLE = YES;
				MACOSX_DEPLOYMENT_TARGET = 10.8;
				ONLY_ACTIVE_ARCH = YES;
				SDKROOT = macosx;
			};
			name = Debug;
		};
		207001CB1676E6060059061B /* Release */ = {
			isa = XCBuildConfiguration;
			buildSettings = {
				ALWAYS_SEARCH_USER_PATHS = NO;
				ARCHS = "$(ARCHS_STANDARD_64_BIT)";
				CLANG_CXX_LANGUAGE_STANDARD = "gnu++0x";
				CLANG_CXX_LIBRARY = "libc++";
				CLANG_ENABLE_OBJC_ARC = YES;
				CLANG_WARN_EMPTY_BODY = YES;
				CLANG_WARN__DUPLICATE_METHOD_MATCH = YES;
				COPY_PHASE_STRIP = YES;
				DEBUG_INFORMATION_FORMAT = "dwarf-with-dsym";
				GCC_C_LANGUAGE_STANDARD = gnu99;
				GCC_ENABLE_OBJC_EXCEPTIONS = YES;
				GCC_WARN_64_TO_32_BIT_CONVERSION = YES;
				GCC_WARN_ABOUT_RETURN_TYPE = YES;
				GCC_WARN_UNINITIALIZED_AUTOS = YES;
				GCC_WARN_UNUSED_VARIABLE = YES;
				MACOSX_DEPLOYMENT_TARGET = 10.8;
				SDKROOT = macosx;
			};
			name = Release;
		};
		207001CD1676E6060059061B /* Debug */ = {
			isa = XCBuildConfiguration;
			buildSettings = {
				GCC_PRECOMPILE_PREFIX_HEADER = YES;
				GCC_PREFIX_HEADER = "Callbacks/Callbacks-Prefix.pch";
				PRODUCT_NAME = "$(TARGET_NAME)";
			};
			name = Debug;
		};
		207001CE1676E6060059061B /* Release */ = {
			isa = XCBuildConfiguration;
			buildSettings = {
				GCC_PRECOMPILE_PREFIX_HEADER = YES;
				GCC_PREFIX_HEADER = "Callbacks/Callbacks-Prefix.pch";
				PRODUCT_NAME = "$(TARGET_NAME)";
			};
			name = Release;
		};
/* End XCBuildConfiguration section */

/* Begin XCConfigurationList section */
		207001B71676E6060059061B /* Build configuration list for PBXProject "Callbacks" */ = {
			isa = XCConfigurationList;
			buildConfigurations = (
				207001CA1676E6060059061B /* Debug */,
				207001CB1676E6060059061B /* Release */,
			);
			defaultConfigurationIsVisible = 0;
			defaultConfigurationName = Release;
		};
		207001CC1676E6060059061B /* Build configuration list for PBXNativeTarget "Callbacks" */ = {
			isa = XCConfigurationList;
			buildConfigurations = (
				207001CD1676E6060059061B /* Debug */,
				207001CE1676E6060059061B /* Release */,
			);
			defaultConfigurationIsVisible = 0;
		};
/* End XCConfigurationList section */
	};
	rootObject = 207001B41676E6060059061B /* Project object */;
}
